
Microsoft Visual Studio Solution File, Format Version 12.00
# Visual Studio Version 17
VisualStudioVersion = 17.8.34309.116
MinimumVisualStudioVersion = 10.0.40219.1
Project("{FAE04EC0-301F-11D3-BF4B-00C04F79EFBC}") = "MensageriaRabbitmq", "MensageriaRabbitmq\MensageriaRabbitmq.csproj", "{72741C23-F19D-44AF-AD1C-16F5B3BA1D25}"
EndProject
Project("{E53339B2-1760-4266-BCC7-CA923CBCF16C}") = "docker-compose", "docker-compose.dcproj", "{D8F93A90-AB6B-4400-9C32-68E969C15CC6}"
EndProject
Global
	GlobalSection(SolutionConfigurationPlatforms) = preSolution
		Debug|Any CPU = Debug|Any CPU
		Release|Any CPU = Release|Any CPU
	EndGlobalSection
	GlobalSection(ProjectConfigurationPlatforms) = postSolution
		{72741C23-F19D-44AF-AD1C-16F5B3BA1D25}.Debug|Any CPU.ActiveCfg = Debug|Any CPU
		{72741C23-F19D-44AF-AD1C-16F5B3BA1D25}.Debug|Any CPU.Build.0 = Debug|Any CPU
		{72741C23-F19D-44AF-AD1C-16F5B3BA1D25}.Release|Any CPU.ActiveCfg = Release|Any CPU
		{72741C23-F19D-44AF-AD1C-16F5B3BA1D25}.Release|Any CPU.Build.0 = Release|Any CPU
		{D8F93A90-AB6B-4400-9C32-68E969C15CC6}.Debug|Any CPU.ActiveCfg = Debug|Any CPU
		{D8F93A90-AB6B-4400-9C32-68E969C15CC6}.Debug|Any CPU.Build.0 = Debug|Any CPU
		{D8F93A90-AB6B-4400-9C32-68E969C15CC6}.Release|Any CPU.ActiveCfg = Release|Any CPU
		{D8F93A90-AB6B-4400-9C32-68E969C15CC6}.Release|Any CPU.Build.0 = Release|Any CPU
	EndGlobalSection
	GlobalSection(SolutionProperties) = preSolution
		HideSolutionNode = FALSE
	EndGlobalSection
	GlobalSection(ExtensibilityGlobals) = postSolution
		SolutionGuid = {E699A56C-A98D-474D-871E-284F2BFEC6D0}
	EndGlobalSection
EndGlobal
